
Microsoft Visual Studio Solution File, Format Version 12.00
# Visual Studio Version 16
VisualStudioVersion = 16.0.30114.105
MinimumVisualStudioVersion = 10.0.40219.1
Project("{8BC9CEB8-8B4A-11D0-8D11-00A0C91BC942}") = "ReDefineFunction", "ReDefineFunction.vcxproj", "{EB6CBC79-782E-4BE3-9283-E1B12DD0E58E}"
EndProject
Global
	GlobalSection(SolutionConfigurationPlatforms) = preSolution
		Debug|x64 = Debug|x64
		Debug|x86 = Debug|x86
		Release|x64 = Release|x64
		Release|x86 = Release|x86
	EndGlobalSection
	GlobalSection(ProjectConfigurationPlatforms) = postSolution
		{EB6CBC79-782E-4BE3-9283-E1B12DD0E58E}.Debug|x64.ActiveCfg = Debug|x64
		{EB6CBC79-782E-4BE3-9283-E1B12DD0E58E}.Debug|x64.Build.0 = Debug|x64
		{EB6CBC79-782E-4BE3-9283-E1B12DD0E58E}.Debug|x86.ActiveCfg = Debug|Win32
		{EB6CBC79-782E-4BE3-9283-E1B12DD0E58E}.Debug|x86.Build.0 = Debug|Win32
		{EB6CBC79-782E-4BE3-9283-E1B12DD0E58E}.Release|x64.ActiveCfg = Release|x64
		{EB6CBC79-782E-4BE3-9283-E1B12DD0E58E}.Release|x64.Build.0 = Release|x64
		{EB6CBC79-782E-4BE3-9283-E1B12DD0E58E}.Release|x86.ActiveCfg = Release|Win32
		{EB6CBC79-782E-4BE3-9283-E1B12DD0E58E}.Release|x86.Build.0 = Release|Win32
	EndGlobalSection
	GlobalSection(SolutionProperties) = preSolution
		HideSolutionNode = FALSE
	EndGlobalSection
	GlobalSection(ExtensibilityGlobals) = postSolution
		SolutionGuid = {C717E252-8A83-4B7E-B50F-8AA9CF87F3E9}
	EndGlobalSection
EndGlobal
